
Microsoft Visual Studio Solution File, Format Version 12.00
# Visual Studio Version 17
VisualStudioVersion = 17.12.35707.178
MinimumVisualStudioVersion = 10.0.40219.1
Project("{2150E333-8FDC-42A3-9474-1A3956D46DE8}") = "Engine", "Engine", "{A6683D3B-72D7-4941-BD4E-34A095B6361D}"
EndProject
Project("{2150E333-8FDC-42A3-9474-1A3956D46DE8}") = "Databases", "Databases", "{B7501796-E1A3-4437-B976-2EDA01E5BADF}"
EndProject
Project("{2150E333-8FDC-42A3-9474-1A3956D46DE8}") = "Orchestration", "Orchestration", "{45BD266B-4399-4E9E-9A23-532CA4B5E44E}"
EndProject
Project("{2150E333-8FDC-42A3-9474-1A3956D46DE8}") = "Tests", "Tests", "{E9DA24D4-1DBE-4390-8938-FF5C5375EBB1}"
EndProject
Project("{FAE04EC0-301F-11D3-BF4B-00C04F79EFBC}") = "Moova.Integration.API", "MoovA.Integration.API\Moova.Integration.API.csproj", "{3962E909-F764-42BF-8CD6-D8F4F85E5665}"
EndProject
Project("{00D1A9C2-B5F0-4AF3-8072-F6C62B433612}") = "MoovaIntegrationDB", "Databases\MoovAIntegrationDB\MoovaIntegrationDB.sqlproj", "{4C534867-9909-4248-AB9E-361FBE1E1BFB}"
EndProject
Project("{2150E333-8FDC-42A3-9474-1A3956D46DE8}") = "Common", "Common", "{BC87FB24-4A33-45FB-AE4F-A485E297CDA6}"
EndProject
Project("{FAE04EC0-301F-11D3-BF4B-00C04F79EFBC}") = "Movva.Data", "Engine\Common\Movva.Data\Movva.Data.csproj", "{FF155A11-8E27-4131-AF70-3A52D5D03BF9}"
EndProject
Project("{FAE04EC0-301F-11D3-BF4B-00C04F79EFBC}") = "Movva.Configuration", "Engine\Common\Movva.Configuration\Movva.Configuration.csproj", "{A9A72AB1-6F70-497E-8410-35FB1014696E}"
EndProject
Project("{FAE04EC0-301F-11D3-BF4B-00C04F79EFBC}") = "Movva.Repositories", "Engine\Common\Movva.Repositories\Movva.Repositories.csproj", "{E1D1667A-F965-449F-A35E-48313A011D03}"
EndProject
Project("{FAE04EC0-301F-11D3-BF4B-00C04F79EFBC}") = "Movva.DAL", "Engine\Common\Movva.DAL\Movva.DAL.csproj", "{420B89B9-9C19-406F-9DF9-BF908F329F32}"
EndProject
Project("{FAE04EC0-301F-11D3-BF4B-00C04F79EFBC}") = "Moova.Services", "Engine\Common\Moova.Services\Moova.Services.csproj", "{070756F5-A8A5-4E3A-938B-29B98C1FC143}"
EndProject
Project("{2150E333-8FDC-42A3-9474-1A3956D46DE8}") = "Integration", "Integration", "{F9874683-AFEA-411A-B1A5-A7FB8EB62A44}"
EndProject
Project("{FAE04EC0-301F-11D3-BF4B-00C04F79EFBC}") = "Movva.Integration.BLL", "Engine\Integration\Movva.Integration.BLL\Movva.Integration.BLL.csproj", "{966ECBA9-0E3D-4652-B16C-02EE3A4A5D88}"
EndProject
Global
	GlobalSection(SolutionConfigurationPlatforms) = preSolution
		Debug|Any CPU = Debug|Any CPU
		Release|Any CPU = Release|Any CPU
	EndGlobalSection
	GlobalSection(ProjectConfigurationPlatforms) = postSolution
		{3962E909-F764-42BF-8CD6-D8F4F85E5665}.Debug|Any CPU.ActiveCfg = Debug|Any CPU
		{3962E909-F764-42BF-8CD6-D8F4F85E5665}.Debug|Any CPU.Build.0 = Debug|Any CPU
		{3962E909-F764-42BF-8CD6-D8F4F85E5665}.Release|Any CPU.ActiveCfg = Release|Any CPU
		{3962E909-F764-42BF-8CD6-D8F4F85E5665}.Release|Any CPU.Build.0 = Release|Any CPU
		{4C534867-9909-4248-AB9E-361FBE1E1BFB}.Debug|Any CPU.ActiveCfg = Debug|Any CPU
		{4C534867-9909-4248-AB9E-361FBE1E1BFB}.Debug|Any CPU.Build.0 = Debug|Any CPU
		{4C534867-9909-4248-AB9E-361FBE1E1BFB}.Debug|Any CPU.Deploy.0 = Debug|Any CPU
		{4C534867-9909-4248-AB9E-361FBE1E1BFB}.Release|Any CPU.ActiveCfg = Release|Any CPU
		{4C534867-9909-4248-AB9E-361FBE1E1BFB}.Release|Any CPU.Build.0 = Release|Any CPU
		{4C534867-9909-4248-AB9E-361FBE1E1BFB}.Release|Any CPU.Deploy.0 = Release|Any CPU
		{FF155A11-8E27-4131-AF70-3A52D5D03BF9}.Debug|Any CPU.ActiveCfg = Debug|Any CPU
		{FF155A11-8E27-4131-AF70-3A52D5D03BF9}.Debug|Any CPU.Build.0 = Debug|Any CPU
		{FF155A11-8E27-4131-AF70-3A52D5D03BF9}.Release|Any CPU.ActiveCfg = Release|Any CPU
		{FF155A11-8E27-4131-AF70-3A52D5D03BF9}.Release|Any CPU.Build.0 = Release|Any CPU
		{A9A72AB1-6F70-497E-8410-35FB1014696E}.Debug|Any CPU.ActiveCfg = Debug|Any CPU
		{A9A72AB1-6F70-497E-8410-35FB1014696E}.Debug|Any CPU.Build.0 = Debug|Any CPU
		{A9A72AB1-6F70-497E-8410-35FB1014696E}.Release|Any CPU.ActiveCfg = Release|Any CPU
		{A9A72AB1-6F70-497E-8410-35FB1014696E}.Release|Any CPU.Build.0 = Release|Any CPU
		{E1D1667A-F965-449F-A35E-48313A011D03}.Debug|Any CPU.ActiveCfg = Debug|Any CPU
		{E1D1667A-F965-449F-A35E-48313A011D03}.Debug|Any CPU.Build.0 = Debug|Any CPU
		{E1D1667A-F965-449F-A35E-48313A011D03}.Release|Any CPU.ActiveCfg = Release|Any CPU
		{E1D1667A-F965-449F-A35E-48313A011D03}.Release|Any CPU.Build.0 = Release|Any CPU
		{420B89B9-9C19-406F-9DF9-BF908F329F32}.Debug|Any CPU.ActiveCfg = Debug|Any CPU
		{420B89B9-9C19-406F-9DF9-BF908F329F32}.Debug|Any CPU.Build.0 = Debug|Any CPU
		{420B89B9-9C19-406F-9DF9-BF908F329F32}.Release|Any CPU.ActiveCfg = Release|Any CPU
		{420B89B9-9C19-406F-9DF9-BF908F329F32}.Release|Any CPU.Build.0 = Release|Any CPU
		{070756F5-A8A5-4E3A-938B-29B98C1FC143}.Debug|Any CPU.ActiveCfg = Debug|Any CPU
		{070756F5-A8A5-4E3A-938B-29B98C1FC143}.Debug|Any CPU.Build.0 = Debug|Any CPU
		{070756F5-A8A5-4E3A-938B-29B98C1FC143}.Release|Any CPU.ActiveCfg = Release|Any CPU
		{070756F5-A8A5-4E3A-938B-29B98C1FC143}.Release|Any CPU.Build.0 = Release|Any CPU
		{966ECBA9-0E3D-4652-B16C-02EE3A4A5D88}.Debug|Any CPU.ActiveCfg = Debug|Any CPU
		{966ECBA9-0E3D-4652-B16C-02EE3A4A5D88}.Debug|Any CPU.Build.0 = Debug|Any CPU
		{966ECBA9-0E3D-4652-B16C-02EE3A4A5D88}.Release|Any CPU.ActiveCfg = Release|Any CPU
		{966ECBA9-0E3D-4652-B16C-02EE3A4A5D88}.Release|Any CPU.Build.0 = Release|Any CPU
	EndGlobalSection
	GlobalSection(SolutionProperties) = preSolution
		HideSolutionNode = FALSE
	EndGlobalSection
	GlobalSection(NestedProjects) = preSolution
		{4C534867-9909-4248-AB9E-361FBE1E1BFB} = {B7501796-E1A3-4437-B976-2EDA01E5BADF}
		{BC87FB24-4A33-45FB-AE4F-A485E297CDA6} = {A6683D3B-72D7-4941-BD4E-34A095B6361D}
		{FF155A11-8E27-4131-AF70-3A52D5D03BF9} = {BC87FB24-4A33-45FB-AE4F-A485E297CDA6}
		{A9A72AB1-6F70-497E-8410-35FB1014696E} = {BC87FB24-4A33-45FB-AE4F-A485E297CDA6}
		{E1D1667A-F965-449F-A35E-48313A011D03} = {BC87FB24-4A33-45FB-AE4F-A485E297CDA6}
		{420B89B9-9C19-406F-9DF9-BF908F329F32} = {BC87FB24-4A33-45FB-AE4F-A485E297CDA6}
		{070756F5-A8A5-4E3A-938B-29B98C1FC143} = {BC87FB24-4A33-45FB-AE4F-A485E297CDA6}
		{F9874683-AFEA-411A-B1A5-A7FB8EB62A44} = {A6683D3B-72D7-4941-BD4E-34A095B6361D}
		{966ECBA9-0E3D-4652-B16C-02EE3A4A5D88} = {F9874683-AFEA-411A-B1A5-A7FB8EB62A44}
	EndGlobalSection
EndGlobal
